
Microsoft Visual Studio Solution File, Format Version 12.00
# Visual Studio 2013
VisualStudioVersion = 12.0.31101.0
MinimumVisualStudioVersion = 10.0.40219.1
Project("{FAE04EC0-301F-11D3-BF4B-00C04F79EFBC}") = "Core", "Core\Core.csproj", "{7A0A682A-0D95-4131-856B-AFD3447F1101}"
	ProjectSection(ProjectDependencies) = postProject
		{C9B0C421-B7C4-4101-803D-EBD4264219EB} = {C9B0C421-B7C4-4101-803D-EBD4264219EB}
	EndProjectSection
EndProject
Project("{FAE04EC0-301F-11D3-BF4B-00C04F79EFBC}") = "BaseProject.Front", "BaseProject.Front\BaseProject.Front.csproj", "{6C77FC38-E0D5-4F2D-8B26-40CA6150D59C}"
	ProjectSection(ProjectDependencies) = postProject
		{C9B0C421-B7C4-4101-803D-EBD4264219EB} = {C9B0C421-B7C4-4101-803D-EBD4264219EB}
		{7A0A682A-0D95-4131-856B-AFD3447F1101} = {7A0A682A-0D95-4131-856B-AFD3447F1101}
	EndProjectSection
EndProject
Project("{FAE04EC0-301F-11D3-BF4B-00C04F79EFBC}") = "Core.Common", "Core.Common\Core.Common.csproj", "{C9B0C421-B7C4-4101-803D-EBD4264219EB}"
EndProject
Project("{FAE04EC0-301F-11D3-BF4B-00C04F79EFBC}") = "BaseProject.Admin", "BaseProject.Admin\BaseProject.Admin.csproj", "{A7600A58-43B5-4291-A078-2ECF63DFDA05}"
	ProjectSection(ProjectDependencies) = postProject
		{C9B0C421-B7C4-4101-803D-EBD4264219EB} = {C9B0C421-B7C4-4101-803D-EBD4264219EB}
		{7A0A682A-0D95-4131-856B-AFD3447F1101} = {7A0A682A-0D95-4131-856B-AFD3447F1101}
	EndProjectSection
EndProject
Global
	GlobalSection(SolutionConfigurationPlatforms) = preSolution
		Debug|Any CPU = Debug|Any CPU
		Release|Any CPU = Release|Any CPU
	EndGlobalSection
	GlobalSection(ProjectConfigurationPlatforms) = postSolution
		{7A0A682A-0D95-4131-856B-AFD3447F1101}.Debug|Any CPU.ActiveCfg = Debug|Any CPU
		{7A0A682A-0D95-4131-856B-AFD3447F1101}.Debug|Any CPU.Build.0 = Debug|Any CPU
		{7A0A682A-0D95-4131-856B-AFD3447F1101}.Release|Any CPU.ActiveCfg = Release|Any CPU
		{7A0A682A-0D95-4131-856B-AFD3447F1101}.Release|Any CPU.Build.0 = Release|Any CPU
		{6C77FC38-E0D5-4F2D-8B26-40CA6150D59C}.Debug|Any CPU.ActiveCfg = Debug|Any CPU
		{6C77FC38-E0D5-4F2D-8B26-40CA6150D59C}.Debug|Any CPU.Build.0 = Debug|Any CPU
		{6C77FC38-E0D5-4F2D-8B26-40CA6150D59C}.Release|Any CPU.ActiveCfg = Release|Any CPU
		{6C77FC38-E0D5-4F2D-8B26-40CA6150D59C}.Release|Any CPU.Build.0 = Release|Any CPU
		{C9B0C421-B7C4-4101-803D-EBD4264219EB}.Debug|Any CPU.ActiveCfg = Debug|Any CPU
		{C9B0C421-B7C4-4101-803D-EBD4264219EB}.Debug|Any CPU.Build.0 = Debug|Any CPU
		{C9B0C421-B7C4-4101-803D-EBD4264219EB}.Release|Any CPU.ActiveCfg = Release|Any CPU
		{C9B0C421-B7C4-4101-803D-EBD4264219EB}.Release|Any CPU.Build.0 = Release|Any CPU
		{A7600A58-43B5-4291-A078-2ECF63DFDA05}.Debug|Any CPU.ActiveCfg = Debug|Any CPU
		{A7600A58-43B5-4291-A078-2ECF63DFDA05}.Debug|Any CPU.Build.0 = Debug|Any CPU
		{A7600A58-43B5-4291-A078-2ECF63DFDA05}.Release|Any CPU.ActiveCfg = Release|Any CPU
		{A7600A58-43B5-4291-A078-2ECF63DFDA05}.Release|Any CPU.Build.0 = Release|Any CPU
	EndGlobalSection
	GlobalSection(SolutionProperties) = preSolution
		HideSolutionNode = FALSE
	EndGlobalSection
EndGlobal
